
Microsoft Visual Studio Solution File, Format Version 12.00
# Visual Studio Version 17
VisualStudioVersion = 17.8.34316.72
MinimumVisualStudioVersion = 10.0.40219.1
Project("{8BC9CEB8-8B4A-11D0-8D11-00A0C91BC942}") = "Week 6", "Week 6\CIS1202.vcxproj", "{F1C3FE91-6D08-44FB-82DF-BB48ED5980D5}"
EndProject
Project("{8BC9CEB8-8B4A-11D0-8D11-00A0C91BC942}") = "Week 5", "Week 5\Week 5.vcxproj", "{6A342D97-E189-48B8-A0AE-15DEA77A4B65}"
EndProject
Project("{8BC9CEB8-8B4A-11D0-8D11-00A0C91BC942}") = "Week 4", "Week 4\Week 4.vcxproj", "{DE8875BA-E6E2-4AA8-93AE-AEC5346F9EE0}"
EndProject
Project("{8BC9CEB8-8B4A-11D0-8D11-00A0C91BC942}") = "Week 7", "Week 7\Week 7.vcxproj", "{600AAE92-FC53-4BDA-9EB4-114304A11AB1}"
EndProject
Project("{8BC9CEB8-8B4A-11D0-8D11-00A0C91BC942}") = "Week 1", "Week 1\Week 1.vcxproj", "{1E7E4FBB-9044-42A4-B954-8020D0FDF5CE}"
EndProject
Project("{8BC9CEB8-8B4A-11D0-8D11-00A0C91BC942}") = "Week 2", "Week 2\Week 2.vcxproj", "{8B300EA2-21E0-414F-8A52-32D6B26F7438}"
EndProject
Project("{8BC9CEB8-8B4A-11D0-8D11-00A0C91BC942}") = "Week 3", "Week 3\Week 3.vcxproj", "{3B2404F1-7A09-41CB-92CC-4218157B25CB}"
EndProject
Project("{8BC9CEB8-8B4A-11D0-8D11-00A0C91BC942}") = "Week 8 (Midterm)", "Week 8 (Midterm)\Week 8 (Midterm).vcxproj", "{0890DDE9-8400-4FF5-AC76-26F4B2689639}"
EndProject
Project("{8BC9CEB8-8B4A-11D0-8D11-00A0C91BC942}") = "Week 9 (Source Control)", "Week 9 (Source Control)\Week 9 (Source Control).vcxproj", "{5064E17D-2BAE-492F-8FD8-7EA1790A581A}"
EndProject
Project("{8BC9CEB8-8B4A-11D0-8D11-00A0C91BC942}") = "Week 10", "Week 10\Week 10.vcxproj", "{82AB21E6-2A49-4981-845B-F3ED28450E95}"
EndProject
Project("{8BC9CEB8-8B4A-11D0-8D11-00A0C91BC942}") = "Week 14", "Week 14\Week 14.vcxproj", "{01567E71-BB19-4249-AB9C-6E2FDC334D45}"
EndProject
Project("{8BC9CEB8-8B4A-11D0-8D11-00A0C91BC942}") = "Week 11-13", "Week 11-13\Week 11-13.vcxproj", "{7BCF3333-345A-4D6F-A30A-4F4D56CF39F6}"
EndProject
Project("{8BC9CEB8-8B4A-11D0-8D11-00A0C91BC942}") = "Week 15A", "Week 15A\Week 15A.vcxproj", "{1F3ABC4C-7286-4823-8323-9CBB33267F3E}"
EndProject
Project("{8BC9CEB8-8B4A-11D0-8D11-00A0C91BC942}") = "Week 15B", "Week 15B\Week 15B.vcxproj", "{15A94597-31D6-4580-84B5-2AFC709D00C8}"
EndProject
Project("{8BC9CEB8-8B4A-11D0-8D11-00A0C91BC942}") = "Final Project", "Final Project\Final Project.vcxproj", "{FDC65DF4-B556-405E-8C52-4AC6462F71E6}"
EndProject
Global
	GlobalSection(SolutionConfigurationPlatforms) = preSolution
		Debug|x64 = Debug|x64
		Debug|x86 = Debug|x86
		Release|x64 = Release|x64
		Release|x86 = Release|x86
	EndGlobalSection
	GlobalSection(ProjectConfigurationPlatforms) = postSolution
		{F1C3FE91-6D08-44FB-82DF-BB48ED5980D5}.Debug|x64.ActiveCfg = Debug|x64
		{F1C3FE91-6D08-44FB-82DF-BB48ED5980D5}.Debug|x64.Build.0 = Debug|x64
		{F1C3FE91-6D08-44FB-82DF-BB48ED5980D5}.Debug|x86.ActiveCfg = Debug|Win32
		{F1C3FE91-6D08-44FB-82DF-BB48ED5980D5}.Debug|x86.Build.0 = Debug|Win32
		{F1C3FE91-6D08-44FB-82DF-BB48ED5980D5}.Release|x64.ActiveCfg = Release|x64
		{F1C3FE91-6D08-44FB-82DF-BB48ED5980D5}.Release|x64.Build.0 = Release|x64
		{F1C3FE91-6D08-44FB-82DF-BB48ED5980D5}.Release|x86.ActiveCfg = Release|Win32
		{F1C3FE91-6D08-44FB-82DF-BB48ED5980D5}.Release|x86.Build.0 = Release|Win32
		{6A342D97-E189-48B8-A0AE-15DEA77A4B65}.Debug|x64.ActiveCfg = Debug|x64
		{6A342D97-E189-48B8-A0AE-15DEA77A4B65}.Debug|x64.Build.0 = Debug|x64
		{6A342D97-E189-48B8-A0AE-15DEA77A4B65}.Debug|x86.ActiveCfg = Debug|Win32
		{6A342D97-E189-48B8-A0AE-15DEA77A4B65}.Debug|x86.Build.0 = Debug|Win32
		{6A342D97-E189-48B8-A0AE-15DEA77A4B65}.Release|x64.ActiveCfg = Release|x64
		{6A342D97-E189-48B8-A0AE-15DEA77A4B65}.Release|x64.Build.0 = Release|x64
		{6A342D97-E189-48B8-A0AE-15DEA77A4B65}.Release|x86.ActiveCfg = Release|Win32
		{6A342D97-E189-48B8-A0AE-15DEA77A4B65}.Release|x86.Build.0 = Release|Win32
		{DE8875BA-E6E2-4AA8-93AE-AEC5346F9EE0}.Debug|x64.ActiveCfg = Debug|x64
		{DE8875BA-E6E2-4AA8-93AE-AEC5346F9EE0}.Debug|x64.Build.0 = Debug|x64
		{DE8875BA-E6E2-4AA8-93AE-AEC5346F9EE0}.Debug|x86.ActiveCfg = Debug|Win32
		{DE8875BA-E6E2-4AA8-93AE-AEC5346F9EE0}.Debug|x86.Build.0 = Debug|Win32
		{DE8875BA-E6E2-4AA8-93AE-AEC5346F9EE0}.Release|x64.ActiveCfg = Release|x64
		{DE8875BA-E6E2-4AA8-93AE-AEC5346F9EE0}.Release|x64.Build.0 = Release|x64
		{DE8875BA-E6E2-4AA8-93AE-AEC5346F9EE0}.Release|x86.ActiveCfg = Release|Win32
		{DE8875BA-E6E2-4AA8-93AE-AEC5346F9EE0}.Release|x86.Build.0 = Release|Win32
		{600AAE92-FC53-4BDA-9EB4-114304A11AB1}.Debug|x64.ActiveCfg = Debug|x64
		{600AAE92-FC53-4BDA-9EB4-114304A11AB1}.Debug|x64.Build.0 = Debug|x64
		{600AAE92-FC53-4BDA-9EB4-114304A11AB1}.Debug|x86.ActiveCfg = Debug|Win32
		{600AAE92-FC53-4BDA-9EB4-114304A11AB1}.Debug|x86.Build.0 = Debug|Win32
		{600AAE92-FC53-4BDA-9EB4-114304A11AB1}.Release|x64.ActiveCfg = Release|x64
		{600AAE92-FC53-4BDA-9EB4-114304A11AB1}.Release|x64.Build.0 = Release|x64
		{600AAE92-FC53-4BDA-9EB4-114304A11AB1}.Release|x86.ActiveCfg = Release|Win32
		{600AAE92-FC53-4BDA-9EB4-114304A11AB1}.Release|x86.Build.0 = Release|Win32
		{1E7E4FBB-9044-42A4-B954-8020D0FDF5CE}.Debug|x64.ActiveCfg = Debug|x64
		{1E7E4FBB-9044-42A4-B954-8020D0FDF5CE}.Debug|x64.Build.0 = Debug|x64
		{1E7E4FBB-9044-42A4-B954-8020D0FDF5CE}.Debug|x86.ActiveCfg = Debug|Win32
		{1E7E4FBB-9044-42A4-B954-8020D0FDF5CE}.Debug|x86.Build.0 = Debug|Win32
		{1E7E4FBB-9044-42A4-B954-8020D0FDF5CE}.Release|x64.ActiveCfg = Release|x64
		{1E7E4FBB-9044-42A4-B954-8020D0FDF5CE}.Release|x64.Build.0 = Release|x64
		{1E7E4FBB-9044-42A4-B954-8020D0FDF5CE}.Release|x86.ActiveCfg = Release|Win32
		{1E7E4FBB-9044-42A4-B954-8020D0FDF5CE}.Release|x86.Build.0 = Release|Win32
		{8B300EA2-21E0-414F-8A52-32D6B26F7438}.Debug|x64.ActiveCfg = Debug|x64
		{8B300EA2-21E0-414F-8A52-32D6B26F7438}.Debug|x64.Build.0 = Debug|x64
		{8B300EA2-21E0-414F-8A52-32D6B26F7438}.Debug|x86.ActiveCfg = Debug|Win32
		{8B300EA2-21E0-414F-8A52-32D6B26F7438}.Debug|x86.Build.0 = Debug|Win32
		{8B300EA2-21E0-414F-8A52-32D6B26F7438}.Release|x64.ActiveCfg = Release|x64
		{8B300EA2-21E0-414F-8A52-32D6B26F7438}.Release|x64.Build.0 = Release|x64
		{8B300EA2-21E0-414F-8A52-32D6B26F7438}.Release|x86.ActiveCfg = Release|Win32
		{8B300EA2-21E0-414F-8A52-32D6B26F7438}.Release|x86.Build.0 = Release|Win32
		{3B2404F1-7A09-41CB-92CC-4218157B25CB}.Debug|x64.ActiveCfg = Debug|x64
		{3B2404F1-7A09-41CB-92CC-4218157B25CB}.Debug|x64.Build.0 = Debug|x64
		{3B2404F1-7A09-41CB-92CC-4218157B25CB}.Debug|x86.ActiveCfg = Debug|Win32
		{3B2404F1-7A09-41CB-92CC-4218157B25CB}.Debug|x86.Build.0 = Debug|Win32
		{3B2404F1-7A09-41CB-92CC-4218157B25CB}.Release|x64.ActiveCfg = Release|x64
		{3B2404F1-7A09-41CB-92CC-4218157B25CB}.Release|x64.Build.0 = Release|x64
		{3B2404F1-7A09-41CB-92CC-4218157B25CB}.Release|x86.ActiveCfg = Release|Win32
		{3B2404F1-7A09-41CB-92CC-4218157B25CB}.Release|x86.Build.0 = Release|Win32
		{0890DDE9-8400-4FF5-AC76-26F4B2689639}.Debug|x64.ActiveCfg = Debug|x64
		{0890DDE9-8400-4FF5-AC76-26F4B2689639}.Debug|x64.Build.0 = Debug|x64
		{0890DDE9-8400-4FF5-AC76-26F4B2689639}.Debug|x86.ActiveCfg = Debug|Win32
		{0890DDE9-8400-4FF5-AC76-26F4B2689639}.Debug|x86.Build.0 = Debug|Win32
		{0890DDE9-8400-4FF5-AC76-26F4B2689639}.Release|x64.ActiveCfg = Release|x64
		{0890DDE9-8400-4FF5-AC76-26F4B2689639}.Release|x64.Build.0 = Release|x64
		{0890DDE9-8400-4FF5-AC76-26F4B2689639}.Release|x86.ActiveCfg = Release|Win32
		{0890DDE9-8400-4FF5-AC76-26F4B2689639}.Release|x86.Build.0 = Release|Win32
		{5064E17D-2BAE-492F-8FD8-7EA1790A581A}.Debug|x64.ActiveCfg = Debug|x64
		{5064E17D-2BAE-492F-8FD8-7EA1790A581A}.Debug|x64.Build.0 = Debug|x64
		{5064E17D-2BAE-492F-8FD8-7EA1790A581A}.Debug|x86.ActiveCfg = Debug|Win32
		{5064E17D-2BAE-492F-8FD8-7EA1790A581A}.Debug|x86.Build.0 = Debug|Win32
		{5064E17D-2BAE-492F-8FD8-7EA1790A581A}.Release|x64.ActiveCfg = Release|x64
		{5064E17D-2BAE-492F-8FD8-7EA1790A581A}.Release|x64.Build.0 = Release|x64
		{5064E17D-2BAE-492F-8FD8-7EA1790A581A}.Release|x86.ActiveCfg = Release|Win32
		{5064E17D-2BAE-492F-8FD8-7EA1790A581A}.Release|x86.Build.0 = Release|Win32
		{82AB21E6-2A49-4981-845B-F3ED28450E95}.Debug|x64.ActiveCfg = Debug|x64
		{82AB21E6-2A49-4981-845B-F3ED28450E95}.Debug|x64.Build.0 = Debug|x64
		{82AB21E6-2A49-4981-845B-F3ED28450E95}.Debug|x86.ActiveCfg = Debug|Win32
		{82AB21E6-2A49-4981-845B-F3ED28450E95}.Debug|x86.Build.0 = Debug|Win32
		{82AB21E6-2A49-4981-845B-F3ED28450E95}.Release|x64.ActiveCfg = Release|x64
		{82AB21E6-2A49-4981-845B-F3ED28450E95}.Release|x64.Build.0 = Release|x64
		{82AB21E6-2A49-4981-845B-F3ED28450E95}.Release|x86.ActiveCfg = Release|Win32
		{82AB21E6-2A49-4981-845B-F3ED28450E95}.Release|x86.Build.0 = Release|Win32
		{01567E71-BB19-4249-AB9C-6E2FDC334D45}.Debug|x64.ActiveCfg = Debug|x64
		{01567E71-BB19-4249-AB9C-6E2FDC334D45}.Debug|x64.Build.0 = Debug|x64
		{01567E71-BB19-4249-AB9C-6E2FDC334D45}.Debug|x86.ActiveCfg = Debug|Win32
		{01567E71-BB19-4249-AB9C-6E2FDC334D45}.Debug|x86.Build.0 = Debug|Win32
		{01567E71-BB19-4249-AB9C-6E2FDC334D45}.Release|x64.ActiveCfg = Release|x64
		{01567E71-BB19-4249-AB9C-6E2FDC334D45}.Release|x64.Build.0 = Release|x64
		{01567E71-BB19-4249-AB9C-6E2FDC334D45}.Release|x86.ActiveCfg = Release|Win32
		{01567E71-BB19-4249-AB9C-6E2FDC334D45}.Release|x86.Build.0 = Release|Win32
		{7BCF3333-345A-4D6F-A30A-4F4D56CF39F6}.Debug|x64.ActiveCfg = Debug|x64
		{7BCF3333-345A-4D6F-A30A-4F4D56CF39F6}.Debug|x64.Build.0 = Debug|x64
		{7BCF3333-345A-4D6F-A30A-4F4D56CF39F6}.Debug|x86.ActiveCfg = Debug|Win32
		{7BCF3333-345A-4D6F-A30A-4F4D56CF39F6}.Debug|x86.Build.0 = Debug|Win32
		{7BCF3333-345A-4D6F-A30A-4F4D56CF39F6}.Release|x64.ActiveCfg = Release|x64
		{7BCF3333-345A-4D6F-A30A-4F4D56CF39F6}.Release|x64.Build.0 = Release|x64
		{7BCF3333-345A-4D6F-A30A-4F4D56CF39F6}.Release|x86.ActiveCfg = Release|Win32
		{7BCF3333-345A-4D6F-A30A-4F4D56CF39F6}.Release|x86.Build.0 = Release|Win32
		{1F3ABC4C-7286-4823-8323-9CBB33267F3E}.Debug|x64.ActiveCfg = Debug|x64
		{1F3ABC4C-7286-4823-8323-9CBB33267F3E}.Debug|x64.Build.0 = Debug|x64
		{1F3ABC4C-7286-4823-8323-9CBB33267F3E}.Debug|x86.ActiveCfg = Debug|Win32
		{1F3ABC4C-7286-4823-8323-9CBB33267F3E}.Debug|x86.Build.0 = Debug|Win32
		{1F3ABC4C-7286-4823-8323-9CBB33267F3E}.Release|x64.ActiveCfg = Release|x64
		{1F3ABC4C-7286-4823-8323-9CBB33267F3E}.Release|x64.Build.0 = Release|x64
		{1F3ABC4C-7286-4823-8323-9CBB33267F3E}.Release|x86.ActiveCfg = Release|Win32
		{1F3ABC4C-7286-4823-8323-9CBB33267F3E}.Release|x86.Build.0 = Release|Win32
		{15A94597-31D6-4580-84B5-2AFC709D00C8}.Debug|x64.ActiveCfg = Debug|x64
		{15A94597-31D6-4580-84B5-2AFC709D00C8}.Debug|x64.Build.0 = Debug|x64
		{15A94597-31D6-4580-84B5-2AFC709D00C8}.Debug|x86.ActiveCfg = Debug|Win32
		{15A94597-31D6-4580-84B5-2AFC709D00C8}.Debug|x86.Build.0 = Debug|Win32
		{15A94597-31D6-4580-84B5-2AFC709D00C8}.Release|x64.ActiveCfg = Release|x64
		{15A94597-31D6-4580-84B5-2AFC709D00C8}.Release|x64.Build.0 = Release|x64
		{15A94597-31D6-4580-84B5-2AFC709D00C8}.Release|x86.ActiveCfg = Release|Win32
		{15A94597-31D6-4580-84B5-2AFC709D00C8}.Release|x86.Build.0 = Release|Win32
		{FDC65DF4-B556-405E-8C52-4AC6462F71E6}.Debug|x64.ActiveCfg = Debug|x64
		{FDC65DF4-B556-405E-8C52-4AC6462F71E6}.Debug|x64.Build.0 = Debug|x64
		{FDC65DF4-B556-405E-8C52-4AC6462F71E6}.Debug|x86.ActiveCfg = Debug|Win32
		{FDC65DF4-B556-405E-8C52-4AC6462F71E6}.Debug|x86.Build.0 = Debug|Win32
		{FDC65DF4-B556-405E-8C52-4AC6462F71E6}.Release|x64.ActiveCfg = Release|x64
		{FDC65DF4-B556-405E-8C52-4AC6462F71E6}.Release|x64.Build.0 = Release|x64
		{FDC65DF4-B556-405E-8C52-4AC6462F71E6}.Release|x86.ActiveCfg = Release|Win32
		{FDC65DF4-B556-405E-8C52-4AC6462F71E6}.Release|x86.Build.0 = Release|Win32
	EndGlobalSection
	GlobalSection(SolutionProperties) = preSolution
		HideSolutionNode = FALSE
	EndGlobalSection
	GlobalSection(ExtensibilityGlobals) = postSolution
		SolutionGuid = {CAF1C46C-4C38-4D45-95B1-2EFEA77EAAAE}
	EndGlobalSection
EndGlobal
