
Microsoft Visual Studio Solution File, Format Version 12.00
# Visual Studio Version 17
VisualStudioVersion = 17.8.34316.72
MinimumVisualStudioVersion = 10.0.40219.1
Project("{8BC9CEB8-8B4A-11D0-8D11-00A0C91BC942}") = "Week 6", "Week 6\CIS1202.vcxproj", "{F1C3FE91-6D08-44FB-82DF-BB48ED5980D5}"
EndProject
Project("{8BC9CEB8-8B4A-11D0-8D11-00A0C91BC942}") = "Week 5", "Week 5\Week 5.vcxproj", "{6A342D97-E189-48B8-A0AE-15DEA77A4B65}"
EndProject
Project("{8BC9CEB8-8B4A-11D0-8D11-00A0C91BC942}") = "Week 4", "Week 4\Week 4.vcxproj", "{DE8875BA-E6E2-4AA8-93AE-AEC5346F9EE0}"
EndProject
Project("{8BC9CEB8-8B4A-11D0-8D11-00A0C91BC942}") = "Week 7", "Week 7\Week 7.vcxproj", "{600AAE92-FC53-4BDA-9EB4-114304A11AB1}"
EndProject
Project("{8BC9CEB8-8B4A-11D0-8D11-00A0C91BC942}") = "Week 1", "Week 1\Week 1.vcxproj", "{1E7E4FBB-9044-42A4-B954-8020D0FDF5CE}"
EndProject
Project("{8BC9CEB8-8B4A-11D0-8D11-00A0C91BC942}") = "Week 2", "Week 2\Week 2.vcxproj", "{8B300EA2-21E0-414F-8A52-32D6B26F7438}"
EndProject
Project("{8BC9CEB8-8B4A-11D0-8D11-00A0C91BC942}") = "Week 3", "Week 3\Week 3.vcxproj", "{3B2404F1-7A09-41CB-92CC-4218157B25CB}"
EndProject
Global
	GlobalSection(SolutionConfigurationPlatforms) = preSolution
		Debug|x64 = Debug|x64
		Debug|x86 = Debug|x86
		Release|x64 = Release|x64
		Release|x86 = Release|x86
	EndGlobalSection
	GlobalSection(ProjectConfigurationPlatforms) = postSolution
		{F1C3FE91-6D08-44FB-82DF-BB48ED5980D5}.Debug|x64.ActiveCfg = Debug|x64
		{F1C3FE91-6D08-44FB-82DF-BB48ED5980D5}.Debug|x64.Build.0 = Debug|x64
		{F1C3FE91-6D08-44FB-82DF-BB48ED5980D5}.Debug|x86.ActiveCfg = Debug|Win32
		{F1C3FE91-6D08-44FB-82DF-BB48ED5980D5}.Debug|x86.Build.0 = Debug|Win32
		{F1C3FE91-6D08-44FB-82DF-BB48ED5980D5}.Release|x64.ActiveCfg = Release|x64
		{F1C3FE91-6D08-44FB-82DF-BB48ED5980D5}.Release|x64.Build.0 = Release|x64
		{F1C3FE91-6D08-44FB-82DF-BB48ED5980D5}.Release|x86.ActiveCfg = Release|Win32
		{F1C3FE91-6D08-44FB-82DF-BB48ED5980D5}.Release|x86.Build.0 = Release|Win32
		{6A342D97-E189-48B8-A0AE-15DEA77A4B65}.Debug|x64.ActiveCfg = Debug|x64
		{6A342D97-E189-48B8-A0AE-15DEA77A4B65}.Debug|x64.Build.0 = Debug|x64
		{6A342D97-E189-48B8-A0AE-15DEA77A4B65}.Debug|x86.ActiveCfg = Debug|Win32
		{6A342D97-E189-48B8-A0AE-15DEA77A4B65}.Debug|x86.Build.0 = Debug|Win32
		{6A342D97-E189-48B8-A0AE-15DEA77A4B65}.Release|x64.ActiveCfg = Release|x64
		{6A342D97-E189-48B8-A0AE-15DEA77A4B65}.Release|x64.Build.0 = Release|x64
		{6A342D97-E189-48B8-A0AE-15DEA77A4B65}.Release|x86.ActiveCfg = Release|Win32
		{6A342D97-E189-48B8-A0AE-15DEA77A4B65}.Release|x86.Build.0 = Release|Win32
		{DE8875BA-E6E2-4AA8-93AE-AEC5346F9EE0}.Debug|x64.ActiveCfg = Debug|x64
		{DE8875BA-E6E2-4AA8-93AE-AEC5346F9EE0}.Debug|x64.Build.0 = Debug|x64
		{DE8875BA-E6E2-4AA8-93AE-AEC5346F9EE0}.Debug|x86.ActiveCfg = Debug|Win32
		{DE8875BA-E6E2-4AA8-93AE-AEC5346F9EE0}.Debug|x86.Build.0 = Debug|Win32
		{DE8875BA-E6E2-4AA8-93AE-AEC5346F9EE0}.Release|x64.ActiveCfg = Release|x64
		{DE8875BA-E6E2-4AA8-93AE-AEC5346F9EE0}.Release|x64.Build.0 = Release|x64
		{DE8875BA-E6E2-4AA8-93AE-AEC5346F9EE0}.Release|x86.ActiveCfg = Release|Win32
		{DE8875BA-E6E2-4AA8-93AE-AEC5346F9EE0}.Release|x86.Build.0 = Release|Win32
		{600AAE92-FC53-4BDA-9EB4-114304A11AB1}.Debug|x64.ActiveCfg = Debug|x64
		{600AAE92-FC53-4BDA-9EB4-114304A11AB1}.Debug|x64.Build.0 = Debug|x64
		{600AAE92-FC53-4BDA-9EB4-114304A11AB1}.Debug|x86.ActiveCfg = Debug|Win32
		{600AAE92-FC53-4BDA-9EB4-114304A11AB1}.Debug|x86.Build.0 = Debug|Win32
		{600AAE92-FC53-4BDA-9EB4-114304A11AB1}.Release|x64.ActiveCfg = Release|x64
		{600AAE92-FC53-4BDA-9EB4-114304A11AB1}.Release|x64.Build.0 = Release|x64
		{600AAE92-FC53-4BDA-9EB4-114304A11AB1}.Release|x86.ActiveCfg = Release|Win32
		{600AAE92-FC53-4BDA-9EB4-114304A11AB1}.Release|x86.Build.0 = Release|Win32
		{1E7E4FBB-9044-42A4-B954-8020D0FDF5CE}.Debug|x64.ActiveCfg = Debug|x64
		{1E7E4FBB-9044-42A4-B954-8020D0FDF5CE}.Debug|x64.Build.0 = Debug|x64
		{1E7E4FBB-9044-42A4-B954-8020D0FDF5CE}.Debug|x86.ActiveCfg = Debug|Win32
		{1E7E4FBB-9044-42A4-B954-8020D0FDF5CE}.Debug|x86.Build.0 = Debug|Win32
		{1E7E4FBB-9044-42A4-B954-8020D0FDF5CE}.Release|x64.ActiveCfg = Release|x64
		{1E7E4FBB-9044-42A4-B954-8020D0FDF5CE}.Release|x64.Build.0 = Release|x64
		{1E7E4FBB-9044-42A4-B954-8020D0FDF5CE}.Release|x86.ActiveCfg = Release|Win32
		{1E7E4FBB-9044-42A4-B954-8020D0FDF5CE}.Release|x86.Build.0 = Release|Win32
		{8B300EA2-21E0-414F-8A52-32D6B26F7438}.Debug|x64.ActiveCfg = Debug|x64
		{8B300EA2-21E0-414F-8A52-32D6B26F7438}.Debug|x64.Build.0 = Debug|x64
		{8B300EA2-21E0-414F-8A52-32D6B26F7438}.Debug|x86.ActiveCfg = Debug|Win32
		{8B300EA2-21E0-414F-8A52-32D6B26F7438}.Debug|x86.Build.0 = Debug|Win32
		{8B300EA2-21E0-414F-8A52-32D6B26F7438}.Release|x64.ActiveCfg = Release|x64
		{8B300EA2-21E0-414F-8A52-32D6B26F7438}.Release|x64.Build.0 = Release|x64
		{8B300EA2-21E0-414F-8A52-32D6B26F7438}.Release|x86.ActiveCfg = Release|Win32
		{8B300EA2-21E0-414F-8A52-32D6B26F7438}.Release|x86.Build.0 = Release|Win32
		{3B2404F1-7A09-41CB-92CC-4218157B25CB}.Debug|x64.ActiveCfg = Debug|x64
		{3B2404F1-7A09-41CB-92CC-4218157B25CB}.Debug|x64.Build.0 = Debug|x64
		{3B2404F1-7A09-41CB-92CC-4218157B25CB}.Debug|x86.ActiveCfg = Debug|Win32
		{3B2404F1-7A09-41CB-92CC-4218157B25CB}.Debug|x86.Build.0 = Debug|Win32
		{3B2404F1-7A09-41CB-92CC-4218157B25CB}.Release|x64.ActiveCfg = Release|x64
		{3B2404F1-7A09-41CB-92CC-4218157B25CB}.Release|x64.Build.0 = Release|x64
		{3B2404F1-7A09-41CB-92CC-4218157B25CB}.Release|x86.ActiveCfg = Release|Win32
		{3B2404F1-7A09-41CB-92CC-4218157B25CB}.Release|x86.Build.0 = Release|Win32
	EndGlobalSection
	GlobalSection(SolutionProperties) = preSolution
		HideSolutionNode = FALSE
	EndGlobalSection
	GlobalSection(ExtensibilityGlobals) = postSolution
		SolutionGuid = {CAF1C46C-4C38-4D45-95B1-2EFEA77EAAAE}
	EndGlobalSection
EndGlobal
